
Microsoft Visual Studio Solution File, Format Version 12.00
# Visual Studio Version 17
VisualStudioVersion = 17.9.34701.34
MinimumVisualStudioVersion = 10.0.40219.1
Project("{FAE04EC0-301F-11D3-BF4B-00C04F79EFBC}") = "QuanLyPhongTro", "QuanLyPhongTro\QuanLyPhongTro.csproj", "{04E62C1B-8978-487E-8107-14209FA74ABD}"
EndProject
Global
	GlobalSection(SolutionConfigurationPlatforms) = preSolution
		Debug|Any CPU = Debug|Any CPU
		Release|Any CPU = Release|Any CPU
	EndGlobalSection
	GlobalSection(ProjectConfigurationPlatforms) = postSolution
		{04E62C1B-8978-487E-8107-14209FA74ABD}.Debug|Any CPU.ActiveCfg = Debug|Any CPU
		{04E62C1B-8978-487E-8107-14209FA74ABD}.Debug|Any CPU.Build.0 = Debug|Any CPU
		{04E62C1B-8978-487E-8107-14209FA74ABD}.Release|Any CPU.ActiveCfg = Release|Any CPU
		{04E62C1B-8978-487E-8107-14209FA74ABD}.Release|Any CPU.Build.0 = Release|Any CPU
	EndGlobalSection
	GlobalSection(SolutionProperties) = preSolution
		HideSolutionNode = FALSE
	EndGlobalSection
	GlobalSection(ExtensibilityGlobals) = postSolution
		SolutionGuid = {342B34EF-8F80-4C19-97A8-0568EEF300FF}
	EndGlobalSection
EndGlobal
